
Microsoft Visual Studio Solution File, Format Version 12.00
# Visual Studio Version 16
VisualStudioVersion = 16.0.30717.126
MinimumVisualStudioVersion = 10.0.40219.1
Project("{8BC9CEB8-8B4A-11D0-8D11-00A0C91BC942}") = "CS105 revision shopping cart", "CS105 revision shopping cart.vcxproj", "{0F295DE8-EA28-4923-ABBC-96FBD6574DA3}"
EndProject
Global
	GlobalSection(SolutionConfigurationPlatforms) = preSolution
		Debug|x64 = Debug|x64
		Debug|x86 = Debug|x86
		Release|x64 = Release|x64
		Release|x86 = Release|x86
	EndGlobalSection
	GlobalSection(ProjectConfigurationPlatforms) = postSolution
		{0F295DE8-EA28-4923-ABBC-96FBD6574DA3}.Debug|x64.ActiveCfg = Debug|x64
		{0F295DE8-EA28-4923-ABBC-96FBD6574DA3}.Debug|x64.Build.0 = Debug|x64
		{0F295DE8-EA28-4923-ABBC-96FBD6574DA3}.Debug|x86.ActiveCfg = Debug|Win32
		{0F295DE8-EA28-4923-ABBC-96FBD6574DA3}.Debug|x86.Build.0 = Debug|Win32
		{0F295DE8-EA28-4923-ABBC-96FBD6574DA3}.Release|x64.ActiveCfg = Release|x64
		{0F295DE8-EA28-4923-ABBC-96FBD6574DA3}.Release|x64.Build.0 = Release|x64
		{0F295DE8-EA28-4923-ABBC-96FBD6574DA3}.Release|x86.ActiveCfg = Release|Win32
		{0F295DE8-EA28-4923-ABBC-96FBD6574DA3}.Release|x86.Build.0 = Release|Win32
	EndGlobalSection
	GlobalSection(SolutionProperties) = preSolution
		HideSolutionNode = FALSE
	EndGlobalSection
	GlobalSection(ExtensibilityGlobals) = postSolution
		SolutionGuid = {719D3672-F83D-4BDE-806E-F266CEADACCE}
	EndGlobalSection
EndGlobal
